
Microsoft Visual Studio Solution File, Format Version 12.00
# Visual Studio Version 17
VisualStudioVersion = 17.11.35219.272
MinimumVisualStudioVersion = 10.0.40219.1
Project("{FAE04EC0-301F-11D3-BF4B-00C04F79EFBC}") = "TombTexPacker", "TombTexPacker\TombTexPacker.csproj", "{DD323512-4D2E-4F10-9715-9C1F838601E5}"
EndProject
Global
	GlobalSection(SolutionConfigurationPlatforms) = preSolution
		Debug|Any CPU = Debug|Any CPU
		Release|Any CPU = Release|Any CPU
	EndGlobalSection
	GlobalSection(ProjectConfigurationPlatforms) = postSolution
		{DD323512-4D2E-4F10-9715-9C1F838601E5}.Debug|Any CPU.ActiveCfg = Debug|Any CPU
		{DD323512-4D2E-4F10-9715-9C1F838601E5}.Debug|Any CPU.Build.0 = Debug|Any CPU
		{DD323512-4D2E-4F10-9715-9C1F838601E5}.Release|Any CPU.ActiveCfg = Release|Any CPU
		{DD323512-4D2E-4F10-9715-9C1F838601E5}.Release|Any CPU.Build.0 = Release|Any CPU
	EndGlobalSection
	GlobalSection(SolutionProperties) = preSolution
		HideSolutionNode = FALSE
	EndGlobalSection
	GlobalSection(ExtensibilityGlobals) = postSolution
		SolutionGuid = {F6B367F3-2706-4C08-95D0-BAE16E08C0D6}
	EndGlobalSection
EndGlobal
